
Microsoft Visual Studio Solution File, Format Version 12.00
# Visual Studio 15
VisualStudioVersion = 15.0.28307.779
MinimumVisualStudioVersion = 10.0.40219.1
Project("{FAE04EC0-301F-11D3-BF4B-00C04F79EFBC}") = "TestSalutSemen", "TestSalutSemen\TestSalutSemen.csproj", "{EE102F26-60C1-4454-8A8A-55B4FD0A9489}"
EndProject
Global
	GlobalSection(SolutionConfigurationPlatforms) = preSolution
		Debug|Any CPU = Debug|Any CPU
		Release|Any CPU = Release|Any CPU
	EndGlobalSection
	GlobalSection(ProjectConfigurationPlatforms) = postSolution
		{EE102F26-60C1-4454-8A8A-55B4FD0A9489}.Debug|Any CPU.ActiveCfg = Debug|Any CPU
		{EE102F26-60C1-4454-8A8A-55B4FD0A9489}.Debug|Any CPU.Build.0 = Debug|Any CPU
		{EE102F26-60C1-4454-8A8A-55B4FD0A9489}.Release|Any CPU.ActiveCfg = Release|Any CPU
		{EE102F26-60C1-4454-8A8A-55B4FD0A9489}.Release|Any CPU.Build.0 = Release|Any CPU
	EndGlobalSection
	GlobalSection(SolutionProperties) = preSolution
		HideSolutionNode = FALSE
	EndGlobalSection
	GlobalSection(ExtensibilityGlobals) = postSolution
		SolutionGuid = {782072C2-6B35-43F6-9684-61B7EC040928}
	EndGlobalSection
EndGlobal
